
Microsoft Visual Studio Solution File, Format Version 12.00
# Visual Studio 15
VisualStudioVersion = 15.0.28010.2041
MinimumVisualStudioVersion = 10.0.40219.1
Project("{FAE04EC0-301F-11D3-BF4B-00C04F79EFBC}") = "SystemRezerwacjiWKinie", "SystemRezerwacjiWKinie\SystemRezerwacjiWKinie.csproj", "{29B6AAD3-A94A-4CE4-B1BD-FF22AA19AFB4}"
EndProject
Project("{FAE04EC0-301F-11D3-BF4B-00C04F79EFBC}") = "UI", "UI\UI.csproj", "{CA3928E1-85A5-4B6D-9D82-A82FEDD9205A}"
EndProject
Global
	GlobalSection(SolutionConfigurationPlatforms) = preSolution
		Debug|Any CPU = Debug|Any CPU
		Release|Any CPU = Release|Any CPU
	EndGlobalSection
	GlobalSection(ProjectConfigurationPlatforms) = postSolution
		{29B6AAD3-A94A-4CE4-B1BD-FF22AA19AFB4}.Debug|Any CPU.ActiveCfg = Debug|Any CPU
		{29B6AAD3-A94A-4CE4-B1BD-FF22AA19AFB4}.Debug|Any CPU.Build.0 = Debug|Any CPU
		{29B6AAD3-A94A-4CE4-B1BD-FF22AA19AFB4}.Release|Any CPU.ActiveCfg = Release|Any CPU
		{29B6AAD3-A94A-4CE4-B1BD-FF22AA19AFB4}.Release|Any CPU.Build.0 = Release|Any CPU
		{CA3928E1-85A5-4B6D-9D82-A82FEDD9205A}.Debug|Any CPU.ActiveCfg = Debug|Any CPU
		{CA3928E1-85A5-4B6D-9D82-A82FEDD9205A}.Debug|Any CPU.Build.0 = Debug|Any CPU
		{CA3928E1-85A5-4B6D-9D82-A82FEDD9205A}.Release|Any CPU.ActiveCfg = Release|Any CPU
		{CA3928E1-85A5-4B6D-9D82-A82FEDD9205A}.Release|Any CPU.Build.0 = Release|Any CPU
	EndGlobalSection
	GlobalSection(SolutionProperties) = preSolution
		HideSolutionNode = FALSE
	EndGlobalSection
	GlobalSection(ExtensibilityGlobals) = postSolution
		SolutionGuid = {D6BC9A5C-8FB0-4B9A-98DC-3B740CE66C59}
	EndGlobalSection
EndGlobal
